
Microsoft Visual Studio Solution File, Format Version 12.00
# Visual Studio 15
VisualStudioVersion = 15.0.28010.2019
MinimumVisualStudioVersion = 10.0.40219.1
Project("{FAE04EC0-301F-11D3-BF4B-00C04F79EFBC}") = "Network_Editor", "Network_Editor\Network_Editor.csproj", "{D4EFD551-45F3-428D-AED4-7D26C557886A}"
EndProject
Global
	GlobalSection(SolutionConfigurationPlatforms) = preSolution
		Debug|Any CPU = Debug|Any CPU
		Release|Any CPU = Release|Any CPU
	EndGlobalSection
	GlobalSection(ProjectConfigurationPlatforms) = postSolution
		{D4EFD551-45F3-428D-AED4-7D26C557886A}.Debug|Any CPU.ActiveCfg = Debug|Any CPU
		{D4EFD551-45F3-428D-AED4-7D26C557886A}.Debug|Any CPU.Build.0 = Debug|Any CPU
		{D4EFD551-45F3-428D-AED4-7D26C557886A}.Release|Any CPU.ActiveCfg = Release|Any CPU
		{D4EFD551-45F3-428D-AED4-7D26C557886A}.Release|Any CPU.Build.0 = Release|Any CPU
	EndGlobalSection
	GlobalSection(SolutionProperties) = preSolution
		HideSolutionNode = FALSE
	EndGlobalSection
	GlobalSection(ExtensibilityGlobals) = postSolution
		SolutionGuid = {80CDFBA3-951C-4CDC-AFCD-16D943D14C36}
	EndGlobalSection
EndGlobal
